// !$*UTF8*$!
{
	archiveVersion = 1;
	classes = {
	};
	objectVersion = 46;
	objects = {

/* Begin PBXBuildFile section */
		590973201BEAADD7006547E7 /* ListFormulasViewController.swift in Sources */ = {isa = PBXBuildFile; fileRef = 5909731F1BEAADD7006547E7 /* ListFormulasViewController.swift */; };
		59155F7A1BEBEDC700935E10 /* FormulaTableViewCell.swift in Sources */ = {isa = PBXBuildFile; fileRef = 59155F791BEBEDC700935E10 /* FormulaTableViewCell.swift */; };
		59226B681BE3CB7500106557 /* Formula+CoreDataProperties.swift in Sources */ = {isa = PBXBuildFile; fileRef = 59226B661BE3CB7500106557 /* Formula+CoreDataProperties.swift */; };
		59226B691BE3CB7500106557 /* Formula.swift in Sources */ = {isa = PBXBuildFile; fileRef = 59226B671BE3CB7500106557 /* Formula.swift */; };
		59287A931BEE7314009B89C1 /* ViewFormulaViewController.swift in Sources */ = {isa = PBXBuildFile; fileRef = 59287A921BEE7314009B89C1 /* ViewFormulaViewController.swift */; };
		592973631BDE6DE60040ED95 /* AppDelegate.swift in Sources */ = {isa = PBXBuildFile; fileRef = 592973621BDE6DE60040ED95 /* AppDelegate.swift */; };
		592973681BDE6DE60040ED95 /* Main.storyboard in Resources */ = {isa = PBXBuildFile; fileRef = 592973661BDE6DE60040ED95 /* Main.storyboard */; };
		5929736B1BDE6DE60040ED95 /* SaludameMedicina.xcdatamodeld in Sources */ = {isa = PBXBuildFile; fileRef = 592973691BDE6DE60040ED95 /* SaludameMedicina.xcdatamodeld */; };
		5929736D1BDE6DE60040ED95 /* Assets.xcassets in Resources */ = {isa = PBXBuildFile; fileRef = 5929736C1BDE6DE60040ED95 /* Assets.xcassets */; };
		592973701BDE6DE60040ED95 /* LaunchScreen.storyboard in Resources */ = {isa = PBXBuildFile; fileRef = 5929736E1BDE6DE60040ED95 /* LaunchScreen.storyboard */; };
		5929737B1BDE6DE60040ED95 /* SaludameMedicinaTests.swift in Sources */ = {isa = PBXBuildFile; fileRef = 5929737A1BDE6DE60040ED95 /* SaludameMedicinaTests.swift */; };
		592973861BDE6DE70040ED95 /* SaludameMedicinaUITests.swift in Sources */ = {isa = PBXBuildFile; fileRef = 592973851BDE6DE70040ED95 /* SaludameMedicinaUITests.swift */; };
		592973941BDE78EB0040ED95 /* CustomButton.swift in Sources */ = {isa = PBXBuildFile; fileRef = 592973931BDE78EB0040ED95 /* CustomButton.swift */; };
		592973961BDEC9AC0040ED95 /* DashboardViewController.swift in Sources */ = {isa = PBXBuildFile; fileRef = 592973951BDEC9AC0040ED95 /* DashboardViewController.swift */; };
		5963A0C71BEB780D0060E615 /* CustomMultilineTextView.swift in Sources */ = {isa = PBXBuildFile; fileRef = 5963A0C61BEB780D0060E615 /* CustomMultilineTextView.swift */; };
		5963A0CA1BEB7AEB0060E615 /* CustomTextField.swift in Sources */ = {isa = PBXBuildFile; fileRef = 5963A0C91BEB7AEB0060E615 /* CustomTextField.swift */; };
		5963A0CD1BEB7E1F0060E615 /* CreateFormulaViewController.swift in Sources */ = {isa = PBXBuildFile; fileRef = 5963A0CC1BEB7E1F0060E615 /* CreateFormulaViewController.swift */; };
		5963A0CF1BEB8FDD0060E615 /* PickDateFormulaViewController.swift in Sources */ = {isa = PBXBuildFile; fileRef = 5963A0CE1BEB8FDD0060E615 /* PickDateFormulaViewController.swift */; };
		596BCEF71BF4DD9800BE72D3 /* PatientMainViewController.swift in Sources */ = {isa = PBXBuildFile; fileRef = 596BCEF61BF4DD9800BE72D3 /* PatientMainViewController.swift */; };
		596BCEF91BF4DF2B00BE72D3 /* SleepTimeViewController.swift in Sources */ = {isa = PBXBuildFile; fileRef = 596BCEF81BF4DF2B00BE72D3 /* SleepTimeViewController.swift */; };
		596BCEFB1BF4DFDD00BE72D3 /* PickSleepTimeViewController.swift in Sources */ = {isa = PBXBuildFile; fileRef = 596BCEFA1BF4DFDD00BE72D3 /* PickSleepTimeViewController.swift */; };
		596BCEFE1BF4E69200BE72D3 /* SleepPreferences.swift in Sources */ = {isa = PBXBuildFile; fileRef = 596BCEFD1BF4E69200BE72D3 /* SleepPreferences.swift */; };
		596BCF011BF4F89900BE72D3 /* Evento+CoreDataProperties.swift in Sources */ = {isa = PBXBuildFile; fileRef = 596BCEFF1BF4F89900BE72D3 /* Evento+CoreDataProperties.swift */; };
		596BCF021BF4F89900BE72D3 /* Evento.swift in Sources */ = {isa = PBXBuildFile; fileRef = 596BCF001BF4F89900BE72D3 /* Evento.swift */; };
		596BCF041BF50DEB00BE72D3 /* ScheduleMedicationViewController.swift in Sources */ = {isa = PBXBuildFile; fileRef = 596BCF031BF50DEB00BE72D3 /* ScheduleMedicationViewController.swift */; };
		596BCF081BF5175C00BE72D3 /* TimeUtil.swift in Sources */ = {isa = PBXBuildFile; fileRef = 596BCF071BF5175C00BE72D3 /* TimeUtil.swift */; };
		596BCF0A1BF5258100BE72D3 /* Scheduler.swift in Sources */ = {isa = PBXBuildFile; fileRef = 596BCF091BF5258100BE72D3 /* Scheduler.swift */; };
		596BCF0E1BF534F100BE72D3 /* HourMedicationViewCell.swift in Sources */ = {isa = PBXBuildFile; fileRef = 596BCF0D1BF534F100BE72D3 /* HourMedicationViewCell.swift */; };
		597F56F11BF2566800BA83CA /* Medicamento+CoreDataProperties.swift in Sources */ = {isa = PBXBuildFile; fileRef = 597F56EF1BF2566800BA83CA /* Medicamento+CoreDataProperties.swift */; };
		597F56F21BF2566800BA83CA /* Medicamento.swift in Sources */ = {isa = PBXBuildFile; fileRef = 597F56F01BF2566800BA83CA /* Medicamento.swift */; };
		597F56F41BF28A0600BA83CA /* ListMedicamentosViewController.swift in Sources */ = {isa = PBXBuildFile; fileRef = 597F56F31BF28A0600BA83CA /* ListMedicamentosViewController.swift */; };
		597F56F61BF298DE00BA83CA /* CreateMedicamentoViewController.swift in Sources */ = {isa = PBXBuildFile; fileRef = 597F56F51BF298DE00BA83CA /* CreateMedicamentoViewController.swift */; };
		5998BA541BF60CA3007269EC /* PickStartTimeScheduleViewController.swift in Sources */ = {isa = PBXBuildFile; fileRef = 5998BA531BF60CA3007269EC /* PickStartTimeScheduleViewController.swift */; };
		5998BA561BF6138E007269EC /* EventType.swift in Sources */ = {isa = PBXBuildFile; fileRef = 5998BA551BF6138E007269EC /* EventType.swift */; };
		5998BA581BF613E8007269EC /* EventState.swift in Sources */ = {isa = PBXBuildFile; fileRef = 5998BA571BF613E8007269EC /* EventState.swift */; };
		5998BA5A1BF61434007269EC /* EventPeriod.swift in Sources */ = {isa = PBXBuildFile; fileRef = 5998BA591BF61434007269EC /* EventPeriod.swift */; };
		5998BA5C1BF61475007269EC /* EventAnswer.swift in Sources */ = {isa = PBXBuildFile; fileRef = 5998BA5B1BF61475007269EC /* EventAnswer.swift */; };
		5998BA5E1BF638F6007269EC /* ItemInfoViewCell.swift in Sources */ = {isa = PBXBuildFile; fileRef = 5998BA5D1BF638F6007269EC /* ItemInfoViewCell.swift */; };
		5998BA601BF662C7007269EC /* ViewMedicationViewController.swift in Sources */ = {isa = PBXBuildFile; fileRef = 5998BA5F1BF662C7007269EC /* ViewMedicationViewController.swift */; };
		5998BA631BF6894C007269EC /* Patient+CoreDataProperties.swift in Sources */ = {isa = PBXBuildFile; fileRef = 5998BA611BF6894C007269EC /* Patient+CoreDataProperties.swift */; };
		5998BA641BF6894C007269EC /* Patient.swift in Sources */ = {isa = PBXBuildFile; fileRef = 5998BA621BF6894C007269EC /* Patient.swift */; };
		5998BA661BF68AA2007269EC /* PatientInfoViewController.swift in Sources */ = {isa = PBXBuildFile; fileRef = 5998BA651BF68AA2007269EC /* PatientInfoViewController.swift */; };
		5998BA681BF68C9E007269EC /* IdentificationType.swift in Sources */ = {isa = PBXBuildFile; fileRef = 5998BA671BF68C9E007269EC /* IdentificationType.swift */; };
		5998BA6A1BF68E5C007269EC /* Genre.swift in Sources */ = {isa = PBXBuildFile; fileRef = 5998BA691BF68E5C007269EC /* Genre.swift */; };
		5998BA6C1BF697CB007269EC /* PickBirthDateViewController.swift in Sources */ = {isa = PBXBuildFile; fileRef = 5998BA6B1BF697CB007269EC /* PickBirthDateViewController.swift */; };
		5998BA6E1BF69D0A007269EC /* PickDocumentTypePatientViewController.swift in Sources */ = {isa = PBXBuildFile; fileRef = 5998BA6D1BF69D0A007269EC /* PickDocumentTypePatientViewController.swift */; };
		59A5BC3A1BED06D500657EEB /* localization.strings in Resources */ = {isa = PBXBuildFile; fileRef = 59A5BC3C1BED06D500657EEB /* localization.strings */; };
		59A5BC411BED293D00657EEB /* FormulaItemOptionsViewController.swift in Sources */ = {isa = PBXBuildFile; fileRef = 59A5BC401BED293D00657EEB /* FormulaItemOptionsViewController.swift */; };
		59A5BC431BED4D8500657EEB /* CustomIconView.swift in Sources */ = {isa = PBXBuildFile; fileRef = 59A5BC421BED4D8500657EEB /* CustomIconView.swift */; };
		59AB26271BEA6329004202B5 /* TratamientoMainViewController.swift in Sources */ = {isa = PBXBuildFile; fileRef = 59AB26261BEA6329004202B5 /* TratamientoMainViewController.swift */; };
		59AB26291BEA8A10004202B5 /* FormulaMainViewController.swift in Sources */ = {isa = PBXBuildFile; fileRef = 59AB26281BEA8A10004202B5 /* FormulaMainViewController.swift */; };
		59D2FB301BF35F91005AE72D /* PickFormulaMedicamentoViewController.swift in Sources */ = {isa = PBXBuildFile; fileRef = 59D2FB2F1BF35F91005AE72D /* PickFormulaMedicamentoViewController.swift */; };
		59D2FB321BF37E4A005AE72D /* PickIntervalUnitMedicamentoViewController.swift in Sources */ = {isa = PBXBuildFile; fileRef = 59D2FB311BF37E4A005AE72D /* PickIntervalUnitMedicamentoViewController.swift */; };
		59D2FB341BF3A30E005AE72D /* MedicamentoTableViewCell.swift in Sources */ = {isa = PBXBuildFile; fileRef = 59D2FB331BF3A30E005AE72D /* MedicamentoTableViewCell.swift */; };
		59D2FB361BF3CB9B005AE72D /* IntervalConstants.swift in Sources */ = {isa = PBXBuildFile; fileRef = 59D2FB351BF3CB9B005AE72D /* IntervalConstants.swift */; };
		59D2FB381BF3D4E8005AE72D /* MedicamentoItemOptionsViewController.swift in Sources */ = {isa = PBXBuildFile; fileRef = 59D2FB371BF3D4E8005AE72D /* MedicamentoItemOptionsViewController.swift */; };
		59D2FB3A1BF3F76B005AE72D /* CustomToastUIViewController.swift in Sources */ = {isa = PBXBuildFile; fileRef = 59D2FB391BF3F76B005AE72D /* CustomToastUIViewController.swift */; };
/* End PBXBuildFile section */

/* Begin PBXContainerItemProxy section */
		592973771BDE6DE60040ED95 /* PBXContainerItemProxy */ = {
			isa = PBXContainerItemProxy;
			containerPortal = 592973571BDE6DE60040ED95 /* Project object */;
			proxyType = 1;
			remoteGlobalIDString = 5929735E1BDE6DE60040ED95;
			remoteInfo = SaludameMedicina;
		};
		592973821BDE6DE60040ED95 /* PBXContainerItemProxy */ = {
			isa = PBXContainerItemProxy;
			containerPortal = 592973571BDE6DE60040ED95 /* Project object */;
			proxyType = 1;
			remoteGlobalIDString = 5929735E1BDE6DE60040ED95;
			remoteInfo = SaludameMedicina;
		};
/* End PBXContainerItemProxy section */

/* Begin PBXFileReference section */
		5909731F1BEAADD7006547E7 /* ListFormulasViewController.swift */ = {isa = PBXFileReference; fileEncoding = 4; lastKnownFileType = sourcecode.swift; path = ListFormulasViewController.swift; sourceTree = "<group>"; };
		59155F791BEBEDC700935E10 /* FormulaTableViewCell.swift */ = {isa = PBXFileReference; fileEncoding = 4; lastKnownFileType = sourcecode.swift; path = FormulaTableViewCell.swift; sourceTree = "<group>"; };
		59226B661BE3CB7500106557 /* Formula+CoreDataProperties.swift */ = {isa = PBXFileReference; fileEncoding = 4; lastKnownFileType = sourcecode.swift; name = "Formula+CoreDataProperties.swift"; path = "../Formula+CoreDataProperties.swift"; sourceTree = "<group>"; };
		59226B671BE3CB7500106557 /* Formula.swift */ = {isa = PBXFileReference; fileEncoding = 4; lastKnownFileType = sourcecode.swift; name = Formula.swift; path = ../Formula.swift; sourceTree = "<group>"; };
		59287A921BEE7314009B89C1 /* ViewFormulaViewController.swift */ = {isa = PBXFileReference; fileEncoding = 4; lastKnownFileType = sourcecode.swift; path = ViewFormulaViewController.swift; sourceTree = "<group>"; };
		5929735F1BDE6DE60040ED95 /* SaludameMedicina.app */ = {isa = PBXFileReference; explicitFileType = wrapper.application; includeInIndex = 0; path = SaludameMedicina.app; sourceTree = BUILT_PRODUCTS_DIR; };
		592973621BDE6DE60040ED95 /* AppDelegate.swift */ = {isa = PBXFileReference; lastKnownFileType = sourcecode.swift; path = AppDelegate.swift; sourceTree = "<group>"; };
		592973671BDE6DE60040ED95 /* Base */ = {isa = PBXFileReference; lastKnownFileType = file.storyboard; name = Base; path = Base.lproj/Main.storyboard; sourceTree = "<group>"; };
		5929736A1BDE6DE60040ED95 /* SaludameMedicina.xcdatamodel */ = {isa = PBXFileReference; lastKnownFileType = wrapper.xcdatamodel; path = SaludameMedicina.xcdatamodel; sourceTree = "<group>"; };
		5929736C1BDE6DE60040ED95 /* Assets.xcassets */ = {isa = PBXFileReference; lastKnownFileType = folder.assetcatalog; path = Assets.xcassets; sourceTree = "<group>"; };
		5929736F1BDE6DE60040ED95 /* Base */ = {isa = PBXFileReference; lastKnownFileType = file.storyboard; name = Base; path = Base.lproj/LaunchScreen.storyboard; sourceTree = "<group>"; };
		592973711BDE6DE60040ED95 /* Info.plist */ = {isa = PBXFileReference; lastKnownFileType = text.plist.xml; path = Info.plist; sourceTree = "<group>"; };
		592973761BDE6DE60040ED95 /* SaludameMedicinaTests.xctest */ = {isa = PBXFileReference; explicitFileType = wrapper.cfbundle; includeInIndex = 0; path = SaludameMedicinaTests.xctest; sourceTree = BUILT_PRODUCTS_DIR; };
		5929737A1BDE6DE60040ED95 /* SaludameMedicinaTests.swift */ = {isa = PBXFileReference; lastKnownFileType = sourcecode.swift; path = SaludameMedicinaTests.swift; sourceTree = "<group>"; };
		5929737C1BDE6DE60040ED95 /* Info.plist */ = {isa = PBXFileReference; lastKnownFileType = text.plist.xml; path = Info.plist; sourceTree = "<group>"; };
		592973811BDE6DE60040ED95 /* SaludameMedicinaUITests.xctest */ = {isa = PBXFileReference; explicitFileType = wrapper.cfbundle; includeInIndex = 0; path = SaludameMedicinaUITests.xctest; sourceTree = BUILT_PRODUCTS_DIR; };
		592973851BDE6DE70040ED95 /* SaludameMedicinaUITests.swift */ = {isa = PBXFileReference; lastKnownFileType = sourcecode.swift; path = SaludameMedicinaUITests.swift; sourceTree = "<group>"; };
		592973871BDE6DE70040ED95 /* Info.plist */ = {isa = PBXFileReference; lastKnownFileType = text.plist.xml; path = Info.plist; sourceTree = "<group>"; };
		592973931BDE78EB0040ED95 /* CustomButton.swift */ = {isa = PBXFileReference; fileEncoding = 4; lastKnownFileType = sourcecode.swift; path = CustomButton.swift; sourceTree = "<group>"; };
		592973951BDEC9AC0040ED95 /* DashboardViewController.swift */ = {isa = PBXFileReference; fileEncoding = 4; lastKnownFileType = sourcecode.swift; path = DashboardViewController.swift; sourceTree = "<group>"; };
		5963A0C61BEB780D0060E615 /* CustomMultilineTextView.swift */ = {isa = PBXFileReference; fileEncoding = 4; lastKnownFileType = sourcecode.swift; path = CustomMultilineTextView.swift; sourceTree = "<group>"; };
		5963A0C91BEB7AEB0060E615 /* CustomTextField.swift */ = {isa = PBXFileReference; fileEncoding = 4; lastKnownFileType = sourcecode.swift; path = CustomTextField.swift; sourceTree = "<group>"; };
		5963A0CC1BEB7E1F0060E615 /* CreateFormulaViewController.swift */ = {isa = PBXFileReference; fileEncoding = 4; lastKnownFileType = sourcecode.swift; path = CreateFormulaViewController.swift; sourceTree = "<group>"; };
		5963A0CE1BEB8FDD0060E615 /* PickDateFormulaViewController.swift */ = {isa = PBXFileReference; fileEncoding = 4; lastKnownFileType = sourcecode.swift; path = PickDateFormulaViewController.swift; sourceTree = "<group>"; };
		596BCEF61BF4DD9800BE72D3 /* PatientMainViewController.swift */ = {isa = PBXFileReference; fileEncoding = 4; lastKnownFileType = sourcecode.swift; path = PatientMainViewController.swift; sourceTree = "<group>"; };
		596BCEF81BF4DF2B00BE72D3 /* SleepTimeViewController.swift */ = {isa = PBXFileReference; fileEncoding = 4; lastKnownFileType = sourcecode.swift; path = SleepTimeViewController.swift; sourceTree = "<group>"; };
		596BCEFA1BF4DFDD00BE72D3 /* PickSleepTimeViewController.swift */ = {isa = PBXFileReference; fileEncoding = 4; lastKnownFileType = sourcecode.swift; path = PickSleepTimeViewController.swift; sourceTree = "<group>"; };
		596BCEFD1BF4E69200BE72D3 /* SleepPreferences.swift */ = {isa = PBXFileReference; fileEncoding = 4; lastKnownFileType = sourcecode.swift; path = SleepPreferences.swift; sourceTree = "<group>"; };
		596BCEFF1BF4F89900BE72D3 /* Evento+CoreDataProperties.swift */ = {isa = PBXFileReference; fileEncoding = 4; lastKnownFileType = sourcecode.swift; name = "Evento+CoreDataProperties.swift"; path = "../Evento+CoreDataProperties.swift"; sourceTree = "<group>"; };
		596BCF001BF4F89900BE72D3 /* Evento.swift */ = {isa = PBXFileReference; fileEncoding = 4; lastKnownFileType = sourcecode.swift; name = Evento.swift; path = ../Evento.swift; sourceTree = "<group>"; };
		596BCF031BF50DEB00BE72D3 /* ScheduleMedicationViewController.swift */ = {isa = PBXFileReference; fileEncoding = 4; lastKnownFileType = sourcecode.swift; path = ScheduleMedicationViewController.swift; sourceTree = "<group>"; };
		596BCF051BF50FB600BE72D3 /* MyPlayground.playground */ = {isa = PBXFileReference; lastKnownFileType = file.playground; path = MyPlayground.playground; sourceTree = "<group>"; };
		596BCF071BF5175C00BE72D3 /* TimeUtil.swift */ = {isa = PBXFileReference; fileEncoding = 4; lastKnownFileType = sourcecode.swift; path = TimeUtil.swift; sourceTree = "<group>"; };
		596BCF091BF5258100BE72D3 /* Scheduler.swift */ = {isa = PBXFileReference; fileEncoding = 4; lastKnownFileType = sourcecode.swift; path = Scheduler.swift; sourceTree = "<group>"; };
		596BCF0C1BF52C7C00BE72D3 /* Formatters.playground */ = {isa = PBXFileReference; lastKnownFileType = file.playground; path = Formatters.playground; sourceTree = "<group>"; };
		596BCF0D1BF534F100BE72D3 /* HourMedicationViewCell.swift */ = {isa = PBXFileReference; fileEncoding = 4; lastKnownFileType = sourcecode.swift; path = HourMedicationViewCell.swift; sourceTree = "<group>"; };
		597F56EF1BF2566800BA83CA /* Medicamento+CoreDataProperties.swift */ = {isa = PBXFileReference; fileEncoding = 4; lastKnownFileType = sourcecode.swift; name = "Medicamento+CoreDataProperties.swift"; path = "../Medicamento+CoreDataProperties.swift"; sourceTree = "<group>"; };
		597F56F01BF2566800BA83CA /* Medicamento.swift */ = {isa = PBXFileReference; fileEncoding = 4; lastKnownFileType = sourcecode.swift; name = Medicamento.swift; path = ../Medicamento.swift; sourceTree = "<group>"; };
		597F56F31BF28A0600BA83CA /* ListMedicamentosViewController.swift */ = {isa = PBXFileReference; fileEncoding = 4; lastKnownFileType = sourcecode.swift; path = ListMedicamentosViewController.swift; sourceTree = "<group>"; };
		597F56F51BF298DE00BA83CA /* CreateMedicamentoViewController.swift */ = {isa = PBXFileReference; fileEncoding = 4; lastKnownFileType = sourcecode.swift; path = CreateMedicamentoViewController.swift; sourceTree = "<group>"; };
		5998BA531BF60CA3007269EC /* PickStartTimeScheduleViewController.swift */ = {isa = PBXFileReference; fileEncoding = 4; lastKnownFileType = sourcecode.swift; path = PickStartTimeScheduleViewController.swift; sourceTree = "<group>"; };
		5998BA551BF6138E007269EC /* EventType.swift */ = {isa = PBXFileReference; fileEncoding = 4; lastKnownFileType = sourcecode.swift; path = EventType.swift; sourceTree = "<group>"; };
		5998BA571BF613E8007269EC /* EventState.swift */ = {isa = PBXFileReference; fileEncoding = 4; lastKnownFileType = sourcecode.swift; path = EventState.swift; sourceTree = "<group>"; };
		5998BA591BF61434007269EC /* EventPeriod.swift */ = {isa = PBXFileReference; fileEncoding = 4; lastKnownFileType = sourcecode.swift; path = EventPeriod.swift; sourceTree = "<group>"; };
		5998BA5B1BF61475007269EC /* EventAnswer.swift */ = {isa = PBXFileReference; fileEncoding = 4; lastKnownFileType = sourcecode.swift; path = EventAnswer.swift; sourceTree = "<group>"; };
		5998BA5D1BF638F6007269EC /* ItemInfoViewCell.swift */ = {isa = PBXFileReference; fileEncoding = 4; lastKnownFileType = sourcecode.swift; path = ItemInfoViewCell.swift; sourceTree = "<group>"; };
		5998BA5F1BF662C7007269EC /* ViewMedicationViewController.swift */ = {isa = PBXFileReference; fileEncoding = 4; lastKnownFileType = sourcecode.swift; path = ViewMedicationViewController.swift; sourceTree = "<group>"; };
		5998BA611BF6894C007269EC /* Patient+CoreDataProperties.swift */ = {isa = PBXFileReference; fileEncoding = 4; lastKnownFileType = sourcecode.swift; name = "Patient+CoreDataProperties.swift"; path = "../Patient+CoreDataProperties.swift"; sourceTree = "<group>"; };
		5998BA621BF6894C007269EC /* Patient.swift */ = {isa = PBXFileReference; fileEncoding = 4; lastKnownFileType = sourcecode.swift; name = Patient.swift; path = ../Patient.swift; sourceTree = "<group>"; };
		5998BA651BF68AA2007269EC /* PatientInfoViewController.swift */ = {isa = PBXFileReference; fileEncoding = 4; lastKnownFileType = sourcecode.swift; path = PatientInfoViewController.swift; sourceTree = "<group>"; };
		5998BA671BF68C9E007269EC /* IdentificationType.swift */ = {isa = PBXFileReference; fileEncoding = 4; lastKnownFileType = sourcecode.swift; path = IdentificationType.swift; sourceTree = "<group>"; };
		5998BA691BF68E5C007269EC /* Genre.swift */ = {isa = PBXFileReference; fileEncoding = 4; lastKnownFileType = sourcecode.swift; path = Genre.swift; sourceTree = "<group>"; };
		5998BA6B1BF697CB007269EC /* PickBirthDateViewController.swift */ = {isa = PBXFileReference; fileEncoding = 4; lastKnownFileType = sourcecode.swift; path = PickBirthDateViewController.swift; sourceTree = "<group>"; };
		5998BA6D1BF69D0A007269EC /* PickDocumentTypePatientViewController.swift */ = {isa = PBXFileReference; fileEncoding = 4; lastKnownFileType = sourcecode.swift; path = PickDocumentTypePatientViewController.swift; sourceTree = "<group>"; };
		59A5BC3B1BED06D500657EEB /* en */ = {isa = PBXFileReference; lastKnownFileType = text.plist.strings; name = en; path = en.lproj/localization.strings; sourceTree = "<group>"; };
		59A5BC3D1BED079100657EEB /* es-MX */ = {isa = PBXFileReference; lastKnownFileType = text.plist.strings; name = "es-MX"; path = "es-MX.lproj/Main.strings"; sourceTree = "<group>"; };
		59A5BC3E1BED079100657EEB /* es-MX */ = {isa = PBXFileReference; lastKnownFileType = text.plist.strings; name = "es-MX"; path = "es-MX.lproj/LaunchScreen.strings"; sourceTree = "<group>"; };
		59A5BC3F1BED079100657EEB /* es-MX */ = {isa = PBXFileReference; lastKnownFileType = text.plist.strings; name = "es-MX"; path = "es-MX.lproj/localization.strings"; sourceTree = "<group>"; };
		59A5BC401BED293D00657EEB /* FormulaItemOptionsViewController.swift */ = {isa = PBXFileReference; fileEncoding = 4; lastKnownFileType = sourcecode.swift; path = FormulaItemOptionsViewController.swift; sourceTree = "<group>"; };
		59A5BC421BED4D8500657EEB /* CustomIconView.swift */ = {isa = PBXFileReference; fileEncoding = 4; lastKnownFileType = sourcecode.swift; path = CustomIconView.swift; sourceTree = "<group>"; };
		59AB26261BEA6329004202B5 /* TratamientoMainViewController.swift */ = {isa = PBXFileReference; fileEncoding = 4; lastKnownFileType = sourcecode.swift; path = TratamientoMainViewController.swift; sourceTree = "<group>"; };
		59AB26281BEA8A10004202B5 /* FormulaMainViewController.swift */ = {isa = PBXFileReference; fileEncoding = 4; lastKnownFileType = sourcecode.swift; path = FormulaMainViewController.swift; sourceTree = "<group>"; };
		59D2FB2F1BF35F91005AE72D /* PickFormulaMedicamentoViewController.swift */ = {isa = PBXFileReference; fileEncoding = 4; lastKnownFileType = sourcecode.swift; path = PickFormulaMedicamentoViewController.swift; sourceTree = "<group>"; };
		59D2FB311BF37E4A005AE72D /* PickIntervalUnitMedicamentoViewController.swift */ = {isa = PBXFileReference; fileEncoding = 4; lastKnownFileType = sourcecode.swift; path = PickIntervalUnitMedicamentoViewController.swift; sourceTree = "<group>"; };
		59D2FB331BF3A30E005AE72D /* MedicamentoTableViewCell.swift */ = {isa = PBXFileReference; fileEncoding = 4; lastKnownFileType = sourcecode.swift; path = MedicamentoTableViewCell.swift; sourceTree = "<group>"; };
		59D2FB351BF3CB9B005AE72D /* IntervalConstants.swift */ = {isa = PBXFileReference; fileEncoding = 4; lastKnownFileType = sourcecode.swift; path = IntervalConstants.swift; sourceTree = "<group>"; };
		59D2FB371BF3D4E8005AE72D /* MedicamentoItemOptionsViewController.swift */ = {isa = PBXFileReference; fileEncoding = 4; lastKnownFileType = sourcecode.swift; path = MedicamentoItemOptionsViewController.swift; sourceTree = "<group>"; };
		59D2FB391BF3F76B005AE72D /* CustomToastUIViewController.swift */ = {isa = PBXFileReference; fileEncoding = 4; lastKnownFileType = sourcecode.swift; path = CustomToastUIViewController.swift; sourceTree = "<group>"; };
/* End PBXFileReference section */

/* Begin PBXFrameworksBuildPhase section */
		5929735C1BDE6DE60040ED95 /* Frameworks */ = {
			isa = PBXFrameworksBuildPhase;
			buildActionMask = 2147483647;
			files = (
			);
			runOnlyForDeploymentPostprocessing = 0;
		};
		592973731BDE6DE60040ED95 /* Frameworks */ = {
			isa = PBXFrameworksBuildPhase;
			buildActionMask = 2147483647;
			files = (
			);
			runOnlyForDeploymentPostprocessing = 0;
		};
		5929737E1BDE6DE60040ED95 /* Frameworks */ = {
			isa = PBXFrameworksBuildPhase;
			buildActionMask = 2147483647;
			files = (
			);
			runOnlyForDeploymentPostprocessing = 0;
		};
/* End PBXFrameworksBuildPhase section */

/* Begin PBXGroup section */
		59226B6A1BE3CB7F00106557 /* model */ = {
			isa = PBXGroup;
			children = (
				5998BA611BF6894C007269EC /* Patient+CoreDataProperties.swift */,
				5998BA621BF6894C007269EC /* Patient.swift */,
				596BCEFF1BF4F89900BE72D3 /* Evento+CoreDataProperties.swift */,
				596BCF001BF4F89900BE72D3 /* Evento.swift */,
				597F56EF1BF2566800BA83CA /* Medicamento+CoreDataProperties.swift */,
				597F56F01BF2566800BA83CA /* Medicamento.swift */,
				59226B661BE3CB7500106557 /* Formula+CoreDataProperties.swift */,
				59226B671BE3CB7500106557 /* Formula.swift */,
				59D2FB351BF3CB9B005AE72D /* IntervalConstants.swift */,
			);
			name = model;
			sourceTree = "<group>";
		};
		592973561BDE6DE60040ED95 = {
			isa = PBXGroup;
			children = (
				592973611BDE6DE60040ED95 /* SaludameMedicina */,
				592973791BDE6DE60040ED95 /* SaludameMedicinaTests */,
				592973841BDE6DE60040ED95 /* SaludameMedicinaUITests */,
				592973601BDE6DE60040ED95 /* Products */,
			);
			sourceTree = "<group>";
		};
		592973601BDE6DE60040ED95 /* Products */ = {
			isa = PBXGroup;
			children = (
				5929735F1BDE6DE60040ED95 /* SaludameMedicina.app */,
				592973761BDE6DE60040ED95 /* SaludameMedicinaTests.xctest */,
				592973811BDE6DE60040ED95 /* SaludameMedicinaUITests.xctest */,
			);
			name = Products;
			sourceTree = "<group>";
		};
		592973611BDE6DE60040ED95 /* SaludameMedicina */ = {
			isa = PBXGroup;
			children = (
				596BCF0B1BF52C6000BE72D3 /* playgrounds */,
				596BCF061BF5174800BE72D3 /* util */,
				596BCEFC1BF4E67E00BE72D3 /* constants */,
				59A5BC3C1BED06D500657EEB /* localization.strings */,
				5963A0CB1BEB7DDF0060E615 /* controller */,
				5963A0C81BEB7A8A0060E615 /* view */,
				59226B6A1BE3CB7F00106557 /* model */,
				592973621BDE6DE60040ED95 /* AppDelegate.swift */,
				592973661BDE6DE60040ED95 /* Main.storyboard */,
				5929736C1BDE6DE60040ED95 /* Assets.xcassets */,
				5929736E1BDE6DE60040ED95 /* LaunchScreen.storyboard */,
				592973711BDE6DE60040ED95 /* Info.plist */,
				592973691BDE6DE60040ED95 /* SaludameMedicina.xcdatamodeld */,
			);
			path = SaludameMedicina;
			sourceTree = "<group>";
		};
		592973791BDE6DE60040ED95 /* SaludameMedicinaTests */ = {
			isa = PBXGroup;
			children = (
				5929737A1BDE6DE60040ED95 /* SaludameMedicinaTests.swift */,
				5929737C1BDE6DE60040ED95 /* Info.plist */,
			);
			path = SaludameMedicinaTests;
			sourceTree = "<group>";
		};
		592973841BDE6DE60040ED95 /* SaludameMedicinaUITests */ = {
			isa = PBXGroup;
			children = (
				592973851BDE6DE70040ED95 /* SaludameMedicinaUITests.swift */,
				592973871BDE6DE70040ED95 /* Info.plist */,
			);
			path = SaludameMedicinaUITests;
			sourceTree = "<group>";
		};
		5963A0C81BEB7A8A0060E615 /* view */ = {
			isa = PBXGroup;
			children = (
				592973931BDE78EB0040ED95 /* CustomButton.swift */,
				5963A0C61BEB780D0060E615 /* CustomMultilineTextView.swift */,
				5963A0C91BEB7AEB0060E615 /* CustomTextField.swift */,
				59155F791BEBEDC700935E10 /* FormulaTableViewCell.swift */,
				59A5BC421BED4D8500657EEB /* CustomIconView.swift */,
				59D2FB331BF3A30E005AE72D /* MedicamentoTableViewCell.swift */,
				596BCF0D1BF534F100BE72D3 /* HourMedicationViewCell.swift */,
				5998BA5D1BF638F6007269EC /* ItemInfoViewCell.swift */,
			);
			name = view;
			sourceTree = "<group>";
		};
		5963A0CB1BEB7DDF0060E615 /* controller */ = {
			isa = PBXGroup;
			children = (
				59AB26281BEA8A10004202B5 /* FormulaMainViewController.swift */,
				592973951BDEC9AC0040ED95 /* DashboardViewController.swift */,
				59AB26261BEA6329004202B5 /* TratamientoMainViewController.swift */,
				5909731F1BEAADD7006547E7 /* ListFormulasViewController.swift */,
				5963A0CC1BEB7E1F0060E615 /* CreateFormulaViewController.swift */,
				5963A0CE1BEB8FDD0060E615 /* PickDateFormulaViewController.swift */,
				59A5BC401BED293D00657EEB /* FormulaItemOptionsViewController.swift */,
				59287A921BEE7314009B89C1 /* ViewFormulaViewController.swift */,
				597F56F31BF28A0600BA83CA /* ListMedicamentosViewController.swift */,
				597F56F51BF298DE00BA83CA /* CreateMedicamentoViewController.swift */,
				59D2FB2F1BF35F91005AE72D /* PickFormulaMedicamentoViewController.swift */,
				59D2FB311BF37E4A005AE72D /* PickIntervalUnitMedicamentoViewController.swift */,
				59D2FB371BF3D4E8005AE72D /* MedicamentoItemOptionsViewController.swift */,
				59D2FB391BF3F76B005AE72D /* CustomToastUIViewController.swift */,
				596BCEF61BF4DD9800BE72D3 /* PatientMainViewController.swift */,
				596BCEF81BF4DF2B00BE72D3 /* SleepTimeViewController.swift */,
				596BCEFA1BF4DFDD00BE72D3 /* PickSleepTimeViewController.swift */,
				596BCF031BF50DEB00BE72D3 /* ScheduleMedicationViewController.swift */,
				5998BA531BF60CA3007269EC /* PickStartTimeScheduleViewController.swift */,
				5998BA5F1BF662C7007269EC /* ViewMedicationViewController.swift */,
				5998BA651BF68AA2007269EC /* PatientInfoViewController.swift */,
				5998BA6B1BF697CB007269EC /* PickBirthDateViewController.swift */,
				5998BA6D1BF69D0A007269EC /* PickDocumentTypePatientViewController.swift */,
			);
			name = controller;
			sourceTree = "<group>";
		};
		596BCEFC1BF4E67E00BE72D3 /* constants */ = {
			isa = PBXGroup;
			children = (
				596BCEFD1BF4E69200BE72D3 /* SleepPreferences.swift */,
				5998BA551BF6138E007269EC /* EventType.swift */,
				5998BA571BF613E8007269EC /* EventState.swift */,
				5998BA591BF61434007269EC /* EventPeriod.swift */,
				5998BA5B1BF61475007269EC /* EventAnswer.swift */,
				5998BA671BF68C9E007269EC /* IdentificationType.swift */,
				5998BA691BF68E5C007269EC /* Genre.swift */,
			);
			name = constants;
			sourceTree = "<group>";
		};
		596BCF061BF5174800BE72D3 /* util */ = {
			isa = PBXGroup;
			children = (
				596BCF071BF5175C00BE72D3 /* TimeUtil.swift */,
				596BCF091BF5258100BE72D3 /* Scheduler.swift */,
			);
			name = util;
			sourceTree = "<group>";
		};
		596BCF0B1BF52C6000BE72D3 /* playgrounds */ = {
			isa = PBXGroup;
			children = (
				596BCF051BF50FB600BE72D3 /* MyPlayground.playground */,
				596BCF0C1BF52C7C00BE72D3 /* Formatters.playground */,
			);
			name = playgrounds;
			sourceTree = "<group>";
		};
/* End PBXGroup section */

/* Begin PBXNativeTarget section */
		5929735E1BDE6DE60040ED95 /* SaludameMedicina */ = {
			isa = PBXNativeTarget;
			buildConfigurationList = 5929738A1BDE6DE70040ED95 /* Build configuration list for PBXNativeTarget "SaludameMedicina" */;
			buildPhases = (
				5929735B1BDE6DE60040ED95 /* Sources */,
				5929735C1BDE6DE60040ED95 /* Frameworks */,
				5929735D1BDE6DE60040ED95 /* Resources */,
			);
			buildRules = (
			);
			dependencies = (
			);
			name = SaludameMedicina;
			productName = SaludameMedicina;
			productReference = 5929735F1BDE6DE60040ED95 /* SaludameMedicina.app */;
			productType = "com.apple.product-type.application";
		};
		592973751BDE6DE60040ED95 /* SaludameMedicinaTests */ = {
			isa = PBXNativeTarget;
			buildConfigurationList = 5929738D1BDE6DE70040ED95 /* Build configuration list for PBXNativeTarget "SaludameMedicinaTests" */;
			buildPhases = (
				592973721BDE6DE60040ED95 /* Sources */,
				592973731BDE6DE60040ED95 /* Frameworks */,
				592973741BDE6DE60040ED95 /* Resources */,
			);
			buildRules = (
			);
			dependencies = (
				592973781BDE6DE60040ED95 /* PBXTargetDependency */,
			);
			name = SaludameMedicinaTests;
			productName = SaludameMedicinaTests;
			productReference = 592973761BDE6DE60040ED95 /* SaludameMedicinaTests.xctest */;
			productType = "com.apple.product-type.bundle.unit-test";
		};
		592973801BDE6DE60040ED95 /* SaludameMedicinaUITests */ = {
			isa = PBXNativeTarget;
			buildConfigurationList = 592973901BDE6DE70040ED95 /* Build configuration list for PBXNativeTarget "SaludameMedicinaUITests" */;
			buildPhases = (
				5929737D1BDE6DE60040ED95 /* Sources */,
				5929737E1BDE6DE60040ED95 /* Frameworks */,
				5929737F1BDE6DE60040ED95 /* Resources */,
			);
			buildRules = (
			);
			dependencies = (
				592973831BDE6DE60040ED95 /* PBXTargetDependency */,
			);
			name = SaludameMedicinaUITests;
			productName = SaludameMedicinaUITests;
			productReference = 592973811BDE6DE60040ED95 /* SaludameMedicinaUITests.xctest */;
			productType = "com.apple.product-type.bundle.ui-testing";
		};
/* End PBXNativeTarget section */

/* Begin PBXProject section */
		592973571BDE6DE60040ED95 /* Project object */ = {
			isa = PBXProject;
			attributes = {
				LastSwiftUpdateCheck = 0710;
				LastUpgradeCheck = 0710;
				ORGANIZATIONNAME = "Ingenieria y Software";
				TargetAttributes = {
					5929735E1BDE6DE60040ED95 = {
						CreatedOnToolsVersion = 7.1;
					};
					592973751BDE6DE60040ED95 = {
						CreatedOnToolsVersion = 7.1;
						TestTargetID = 5929735E1BDE6DE60040ED95;
					};
					592973801BDE6DE60040ED95 = {
						CreatedOnToolsVersion = 7.1;
						TestTargetID = 5929735E1BDE6DE60040ED95;
					};
				};
			};
			buildConfigurationList = 5929735A1BDE6DE60040ED95 /* Build configuration list for PBXProject "SaludameMedicina" */;
			compatibilityVersion = "Xcode 3.2";
			developmentRegion = English;
			hasScannedForEncodings = 0;
			knownRegions = (
				en,
				Base,
				"es-MX",
			);
			mainGroup = 592973561BDE6DE60040ED95;
			productRefGroup = 592973601BDE6DE60040ED95 /* Products */;
			projectDirPath = "";
			projectRoot = "";
			targets = (
				5929735E1BDE6DE60040ED95 /* SaludameMedicina */,
				592973751BDE6DE60040ED95 /* SaludameMedicinaTests */,
				592973801BDE6DE60040ED95 /* SaludameMedicinaUITests */,
			);
		};
/* End PBXProject section */

/* Begin PBXResourcesBuildPhase section */
		5929735D1BDE6DE60040ED95 /* Resources */ = {
			isa = PBXResourcesBuildPhase;
			buildActionMask = 2147483647;
			files = (
				592973701BDE6DE60040ED95 /* LaunchScreen.storyboard in Resources */,
				59A5BC3A1BED06D500657EEB /* localization.strings in Resources */,
				5929736D1BDE6DE60040ED95 /* Assets.xcassets in Resources */,
				592973681BDE6DE60040ED95 /* Main.storyboard in Resources */,
			);
			runOnlyForDeploymentPostprocessing = 0;
		};
		592973741BDE6DE60040ED95 /* Resources */ = {
			isa = PBXResourcesBuildPhase;
			buildActionMask = 2147483647;
			files = (
			);
			runOnlyForDeploymentPostprocessing = 0;
		};
		5929737F1BDE6DE60040ED95 /* Resources */ = {
			isa = PBXResourcesBuildPhase;
			buildActionMask = 2147483647;
			files = (
			);
			runOnlyForDeploymentPostprocessing = 0;
		};
/* End PBXResourcesBuildPhase section */

/* Begin PBXSourcesBuildPhase section */
		5929735B1BDE6DE60040ED95 /* Sources */ = {
			isa = PBXSourcesBuildPhase;
			buildActionMask = 2147483647;
			files = (
				5998BA601BF662C7007269EC /* ViewMedicationViewController.swift in Sources */,
				592973631BDE6DE60040ED95 /* AppDelegate.swift in Sources */,
				596BCF0E1BF534F100BE72D3 /* HourMedicationViewCell.swift in Sources */,
				5998BA661BF68AA2007269EC /* PatientInfoViewController.swift in Sources */,
				5998BA6E1BF69D0A007269EC /* PickDocumentTypePatientViewController.swift in Sources */,
				59D2FB361BF3CB9B005AE72D /* IntervalConstants.swift in Sources */,
				5963A0CF1BEB8FDD0060E615 /* PickDateFormulaViewController.swift in Sources */,
				596BCEF71BF4DD9800BE72D3 /* PatientMainViewController.swift in Sources */,
				597F56F11BF2566800BA83CA /* Medicamento+CoreDataProperties.swift in Sources */,
				597F56F41BF28A0600BA83CA /* ListMedicamentosViewController.swift in Sources */,
				596BCF011BF4F89900BE72D3 /* Evento+CoreDataProperties.swift in Sources */,
				596BCEFB1BF4DFDD00BE72D3 /* PickSleepTimeViewController.swift in Sources */,
				59226B691BE3CB7500106557 /* Formula.swift in Sources */,
				596BCF0A1BF5258100BE72D3 /* Scheduler.swift in Sources */,
				59287A931BEE7314009B89C1 /* ViewFormulaViewController.swift in Sources */,
				59AB26271BEA6329004202B5 /* TratamientoMainViewController.swift in Sources */,
				5998BA681BF68C9E007269EC /* IdentificationType.swift in Sources */,
				5929736B1BDE6DE60040ED95 /* SaludameMedicina.xcdatamodeld in Sources */,
				5998BA581BF613E8007269EC /* EventState.swift in Sources */,
				59A5BC411BED293D00657EEB /* FormulaItemOptionsViewController.swift in Sources */,
				59226B681BE3CB7500106557 /* Formula+CoreDataProperties.swift in Sources */,
				59D2FB341BF3A30E005AE72D /* MedicamentoTableViewCell.swift in Sources */,
				59AB26291BEA8A10004202B5 /* FormulaMainViewController.swift in Sources */,
				5998BA5A1BF61434007269EC /* EventPeriod.swift in Sources */,
				592973941BDE78EB0040ED95 /* CustomButton.swift in Sources */,
				596BCEF91BF4DF2B00BE72D3 /* SleepTimeViewController.swift in Sources */,
				592973961BDEC9AC0040ED95 /* DashboardViewController.swift in Sources */,
				597F56F61BF298DE00BA83CA /* CreateMedicamentoViewController.swift in Sources */,
				5998BA6A1BF68E5C007269EC /* Genre.swift in Sources */,
				5963A0CA1BEB7AEB0060E615 /* CustomTextField.swift in Sources */,
				5963A0CD1BEB7E1F0060E615 /* CreateFormulaViewController.swift in Sources */,
				590973201BEAADD7006547E7 /* ListFormulasViewController.swift in Sources */,
				59155F7A1BEBEDC700935E10 /* FormulaTableViewCell.swift in Sources */,
				5998BA5C1BF61475007269EC /* EventAnswer.swift in Sources */,
				596BCF021BF4F89900BE72D3 /* Evento.swift in Sources */,
				5998BA631BF6894C007269EC /* Patient+CoreDataProperties.swift in Sources */,
				59A5BC431BED4D8500657EEB /* CustomIconView.swift in Sources */,
				596BCEFE1BF4E69200BE72D3 /* SleepPreferences.swift in Sources */,
				59D2FB3A1BF3F76B005AE72D /* CustomToastUIViewController.swift in Sources */,
				5998BA5E1BF638F6007269EC /* ItemInfoViewCell.swift in Sources */,
				5998BA6C1BF697CB007269EC /* PickBirthDateViewController.swift in Sources */,
				59D2FB321BF37E4A005AE72D /* PickIntervalUnitMedicamentoViewController.swift in Sources */,
				597F56F21BF2566800BA83CA /* Medicamento.swift in Sources */,
				59D2FB381BF3D4E8005AE72D /* MedicamentoItemOptionsViewController.swift in Sources */,
				5963A0C71BEB780D0060E615 /* CustomMultilineTextView.swift in Sources */,
				5998BA561BF6138E007269EC /* EventType.swift in Sources */,
				5998BA541BF60CA3007269EC /* PickStartTimeScheduleViewController.swift in Sources */,
				596BCF041BF50DEB00BE72D3 /* ScheduleMedicationViewController.swift in Sources */,
				596BCF081BF5175C00BE72D3 /* TimeUtil.swift in Sources */,
				59D2FB301BF35F91005AE72D /* PickFormulaMedicamentoViewController.swift in Sources */,
				5998BA641BF6894C007269EC /* Patient.swift in Sources */,
			);
			runOnlyForDeploymentPostprocessing = 0;
		};
		592973721BDE6DE60040ED95 /* Sources */ = {
			isa = PBXSourcesBuildPhase;
			buildActionMask = 2147483647;
			files = (
				5929737B1BDE6DE60040ED95 /* SaludameMedicinaTests.swift in Sources */,
			);
			runOnlyForDeploymentPostprocessing = 0;
		};
		5929737D1BDE6DE60040ED95 /* Sources */ = {
			isa = PBXSourcesBuildPhase;
			buildActionMask = 2147483647;
			files = (
				592973861BDE6DE70040ED95 /* SaludameMedicinaUITests.swift in Sources */,
			);
			runOnlyForDeploymentPostprocessing = 0;
		};
/* End PBXSourcesBuildPhase section */

/* Begin PBXTargetDependency section */
		592973781BDE6DE60040ED95 /* PBXTargetDependency */ = {
			isa = PBXTargetDependency;
			target = 5929735E1BDE6DE60040ED95 /* SaludameMedicina */;
			targetProxy = 592973771BDE6DE60040ED95 /* PBXContainerItemProxy */;
		};
		592973831BDE6DE60040ED95 /* PBXTargetDependency */ = {
			isa = PBXTargetDependency;
			target = 5929735E1BDE6DE60040ED95 /* SaludameMedicina */;
			targetProxy = 592973821BDE6DE60040ED95 /* PBXContainerItemProxy */;
		};
/* End PBXTargetDependency section */

/* Begin PBXVariantGroup section */
		592973661BDE6DE60040ED95 /* Main.storyboard */ = {
			isa = PBXVariantGroup;
			children = (
				592973671BDE6DE60040ED95 /* Base */,
				59A5BC3D1BED079100657EEB /* es-MX */,
			);
			name = Main.storyboard;
			sourceTree = "<group>";
		};
		5929736E1BDE6DE60040ED95 /* LaunchScreen.storyboard */ = {
			isa = PBXVariantGroup;
			children = (
				5929736F1BDE6DE60040ED95 /* Base */,
				59A5BC3E1BED079100657EEB /* es-MX */,
			);
			name = LaunchScreen.storyboard;
			sourceTree = "<group>";
		};
		59A5BC3C1BED06D500657EEB /* localization.strings */ = {
			isa = PBXVariantGroup;
			children = (
				59A5BC3B1BED06D500657EEB /* en */,
				59A5BC3F1BED079100657EEB /* es-MX */,
			);
			name = localization.strings;
			path = ..;
			sourceTree = "<group>";
		};
/* End PBXVariantGroup section */

/* Begin XCBuildConfiguration section */
		592973881BDE6DE70040ED95 /* Debug */ = {
			isa = XCBuildConfiguration;
			buildSettings = {
				ALWAYS_SEARCH_USER_PATHS = NO;
				CLANG_CXX_LANGUAGE_STANDARD = "gnu++0x";
				CLANG_CXX_LIBRARY = "libc++";
				CLANG_ENABLE_MODULES = YES;
				CLANG_ENABLE_OBJC_ARC = YES;
				CLANG_WARN_BOOL_CONVERSION = YES;
				CLANG_WARN_CONSTANT_CONVERSION = YES;
				CLANG_WARN_DIRECT_OBJC_ISA_USAGE = YES_ERROR;
				CLANG_WARN_EMPTY_BODY = YES;
				CLANG_WARN_ENUM_CONVERSION = YES;
				CLANG_WARN_INT_CONVERSION = YES;
				CLANG_WARN_OBJC_ROOT_CLASS = YES_ERROR;
				CLANG_WARN_UNREACHABLE_CODE = YES;
				CLANG_WARN__DUPLICATE_METHOD_MATCH = YES;
				"CODE_SIGN_IDENTITY[sdk=iphoneos*]" = "iPhone Developer";
				COPY_PHASE_STRIP = NO;
				DEBUG_INFORMATION_FORMAT = dwarf;
				ENABLE_STRICT_OBJC_MSGSEND = YES;
				ENABLE_TESTABILITY = YES;
				GCC_C_LANGUAGE_STANDARD = gnu99;
				GCC_DYNAMIC_NO_PIC = NO;
				GCC_NO_COMMON_BLOCKS = YES;
				GCC_OPTIMIZATION_LEVEL = 0;
				GCC_PREPROCESSOR_DEFINITIONS = (
					"DEBUG=1",
					"$(inherited)",
				);
				GCC_WARN_64_TO_32_BIT_CONVERSION = YES;
				GCC_WARN_ABOUT_RETURN_TYPE = YES_ERROR;
				GCC_WARN_UNDECLARED_SELECTOR = YES;
				GCC_WARN_UNINITIALIZED_AUTOS = YES_AGGRESSIVE;
				GCC_WARN_UNUSED_FUNCTION = YES;
				GCC_WARN_UNUSED_VARIABLE = YES;
				IPHONEOS_DEPLOYMENT_TARGET = 9.0;
				MTL_ENABLE_DEBUG_INFO = YES;
				ONLY_ACTIVE_ARCH = YES;
				SDKROOT = iphoneos;
				SWIFT_OPTIMIZATION_LEVEL = "-Onone";
			};
			name = Debug;
		};
		592973891BDE6DE70040ED95 /* Release */ = {
			isa = XCBuildConfiguration;
			buildSettings = {
				ALWAYS_SEARCH_USER_PATHS = NO;
				CLANG_CXX_LANGUAGE_STANDARD = "gnu++0x";
				CLANG_CXX_LIBRARY = "libc++";
				CLANG_ENABLE_MODULES = YES;
				CLANG_ENABLE_OBJC_ARC = YES;
				CLANG_WARN_BOOL_CONVERSION = YES;
				CLANG_WARN_CONSTANT_CONVERSION = YES;
				CLANG_WARN_DIRECT_OBJC_ISA_USAGE = YES_ERROR;
				CLANG_WARN_EMPTY_BODY = YES;
				CLANG_WARN_ENUM_CONVERSION = YES;
				CLANG_WARN_INT_CONVERSION = YES;
				CLANG_WARN_OBJC_ROOT_CLASS = YES_ERROR;
				CLANG_WARN_UNREACHABLE_CODE = YES;
				CLANG_WARN__DUPLICATE_METHOD_MATCH = YES;
				"CODE_SIGN_IDENTITY[sdk=iphoneos*]" = "iPhone Developer";
				COPY_PHASE_STRIP = NO;
				DEBUG_INFORMATION_FORMAT = "dwarf-with-dsym";
				ENABLE_NS_ASSERTIONS = NO;
				ENABLE_STRICT_OBJC_MSGSEND = YES;
				GCC_C_LANGUAGE_STANDARD = gnu99;
				GCC_NO_COMMON_BLOCKS = YES;
				GCC_WARN_64_TO_32_BIT_CONVERSION = YES;
				GCC_WARN_ABOUT_RETURN_TYPE = YES_ERROR;
				GCC_WARN_UNDECLARED_SELECTOR = YES;
				GCC_WARN_UNINITIALIZED_AUTOS = YES_AGGRESSIVE;
				GCC_WARN_UNUSED_FUNCTION = YES;
				GCC_WARN_UNUSED_VARIABLE = YES;
				IPHONEOS_DEPLOYMENT_TARGET = 9.0;
				MTL_ENABLE_DEBUG_INFO = NO;
				SDKROOT = iphoneos;
				VALIDATE_PRODUCT = YES;
			};
			name = Release;
		};
		5929738B1BDE6DE70040ED95 /* Debug */ = {
			isa = XCBuildConfiguration;
			buildSettings = {
				ASSETCATALOG_COMPILER_APPICON_NAME = AppIcon;
				INFOPLIST_FILE = SaludameMedicina/Info.plist;
				LD_RUNPATH_SEARCH_PATHS = "$(inherited) @executable_path/Frameworks";
				PRODUCT_BUNDLE_IDENTIFIER = co.artica.udea.SaludameMedicina;
				PRODUCT_NAME = "$(TARGET_NAME)";
			};
			name = Debug;
		};
		5929738C1BDE6DE70040ED95 /* Release */ = {
			isa = XCBuildConfiguration;
			buildSettings = {
				ASSETCATALOG_COMPILER_APPICON_NAME = AppIcon;
				INFOPLIST_FILE = SaludameMedicina/Info.plist;
				LD_RUNPATH_SEARCH_PATHS = "$(inherited) @executable_path/Frameworks";
				PRODUCT_BUNDLE_IDENTIFIER = co.artica.udea.SaludameMedicina;
				PRODUCT_NAME = "$(TARGET_NAME)";
			};
			name = Release;
		};
		5929738E1BDE6DE70040ED95 /* Debug */ = {
			isa = XCBuildConfiguration;
			buildSettings = {
				BUNDLE_LOADER = "$(TEST_HOST)";
				INFOPLIST_FILE = SaludameMedicinaTests/Info.plist;
				LD_RUNPATH_SEARCH_PATHS = "$(inherited) @executable_path/Frameworks @loader_path/Frameworks";
				PRODUCT_BUNDLE_IDENTIFIER = co.artica.udea.SaludameMedicinaTests;
				PRODUCT_NAME = "$(TARGET_NAME)";
				TEST_HOST = "$(BUILT_PRODUCTS_DIR)/SaludameMedicina.app/SaludameMedicina";
			};
			name = Debug;
		};
		5929738F1BDE6DE70040ED95 /* Release */ = {
			isa = XCBuildConfiguration;
			buildSettings = {
				BUNDLE_LOADER = "$(TEST_HOST)";
				INFOPLIST_FILE = SaludameMedicinaTests/Info.plist;
				LD_RUNPATH_SEARCH_PATHS = "$(inherited) @executable_path/Frameworks @loader_path/Frameworks";
				PRODUCT_BUNDLE_IDENTIFIER = co.artica.udea.SaludameMedicinaTests;
				PRODUCT_NAME = "$(TARGET_NAME)";
				TEST_HOST = "$(BUILT_PRODUCTS_DIR)/SaludameMedicina.app/SaludameMedicina";
			};
			name = Release;
		};
		592973911BDE6DE70040ED95 /* Debug */ = {
			isa = XCBuildConfiguration;
			buildSettings = {
				INFOPLIST_FILE = SaludameMedicinaUITests/Info.plist;
				LD_RUNPATH_SEARCH_PATHS = "$(inherited) @executable_path/Frameworks @loader_path/Frameworks";
				PRODUCT_BUNDLE_IDENTIFIER = co.artica.udea.SaludameMedicinaUITests;
				PRODUCT_NAME = "$(TARGET_NAME)";
				TEST_TARGET_NAME = SaludameMedicina;
				USES_XCTRUNNER = YES;
			};
			name = Debug;
		};
		592973921BDE6DE70040ED95 /* Release */ = {
			isa = XCBuildConfiguration;
			buildSettings = {
				INFOPLIST_FILE = SaludameMedicinaUITests/Info.plist;
				LD_RUNPATH_SEARCH_PATHS = "$(inherited) @executable_path/Frameworks @loader_path/Frameworks";
				PRODUCT_BUNDLE_IDENTIFIER = co.artica.udea.SaludameMedicinaUITests;
				PRODUCT_NAME = "$(TARGET_NAME)";
				TEST_TARGET_NAME = SaludameMedicina;
				USES_XCTRUNNER = YES;
			};
			name = Release;
		};
/* End XCBuildConfiguration section */

/* Begin XCConfigurationList section */
		5929735A1BDE6DE60040ED95 /* Build configuration list for PBXProject "SaludameMedicina" */ = {
			isa = XCConfigurationList;
			buildConfigurations = (
				592973881BDE6DE70040ED95 /* Debug */,
				592973891BDE6DE70040ED95 /* Release */,
			);
			defaultConfigurationIsVisible = 0;
			defaultConfigurationName = Release;
		};
		5929738A1BDE6DE70040ED95 /* Build configuration list for PBXNativeTarget "SaludameMedicina" */ = {
			isa = XCConfigurationList;
			buildConfigurations = (
				5929738B1BDE6DE70040ED95 /* Debug */,
				5929738C1BDE6DE70040ED95 /* Release */,
			);
			defaultConfigurationIsVisible = 0;
			defaultConfigurationName = Release;
		};
		5929738D1BDE6DE70040ED95 /* Build configuration list for PBXNativeTarget "SaludameMedicinaTests" */ = {
			isa = XCConfigurationList;
			buildConfigurations = (
				5929738E1BDE6DE70040ED95 /* Debug */,
				5929738F1BDE6DE70040ED95 /* Release */,
			);
			defaultConfigurationIsVisible = 0;
			defaultConfigurationName = Release;
		};
		592973901BDE6DE70040ED95 /* Build configuration list for PBXNativeTarget "SaludameMedicinaUITests" */ = {
			isa = XCConfigurationList;
			buildConfigurations = (
				592973911BDE6DE70040ED95 /* Debug */,
				592973921BDE6DE70040ED95 /* Release */,
			);
			defaultConfigurationIsVisible = 0;
			defaultConfigurationName = Release;
		};
/* End XCConfigurationList section */

/* Begin XCVersionGroup section */
		592973691BDE6DE60040ED95 /* SaludameMedicina.xcdatamodeld */ = {
			isa = XCVersionGroup;
			children = (
				5929736A1BDE6DE60040ED95 /* SaludameMedicina.xcdatamodel */,
			);
			currentVersion = 5929736A1BDE6DE60040ED95 /* SaludameMedicina.xcdatamodel */;
			path = SaludameMedicina.xcdatamodeld;
			sourceTree = "<group>";
			versionGroupType = wrapper.xcdatamodel;
		};
/* End XCVersionGroup section */
	};
	rootObject = 592973571BDE6DE60040ED95 /* Project object */;
}
